
Microsoft Visual Studio Solution File, Format Version 12.00
# Visual Studio Version 17
VisualStudioVersion = 17.5.33502.453
MinimumVisualStudioVersion = 10.0.40219.1
Project("{9A19103F-16F7-4668-BE54-9A1E7A4F7556}") = "StringCalcTest", "StringCalcTest\StringCalcTest.csproj", "{1CCFD524-0536-4168-8061-E65B96EB6C76}"
EndProject
Project("{FAE04EC0-301F-11D3-BF4B-00C04F79EFBC}") = "StrCalc", "StrCalc\StrCalc.csproj", "{98D9F2C1-2AB6-47DA-BEE1-16ECED231E03}"
EndProject
Global
	GlobalSection(SolutionConfigurationPlatforms) = preSolution
		Debug|Any CPU = Debug|Any CPU
		Release|Any CPU = Release|Any CPU
	EndGlobalSection
	GlobalSection(ProjectConfigurationPlatforms) = postSolution
		{1CCFD524-0536-4168-8061-E65B96EB6C76}.Debug|Any CPU.ActiveCfg = Debug|Any CPU
		{1CCFD524-0536-4168-8061-E65B96EB6C76}.Debug|Any CPU.Build.0 = Debug|Any CPU
		{1CCFD524-0536-4168-8061-E65B96EB6C76}.Release|Any CPU.ActiveCfg = Release|Any CPU
		{1CCFD524-0536-4168-8061-E65B96EB6C76}.Release|Any CPU.Build.0 = Release|Any CPU
		{98D9F2C1-2AB6-47DA-BEE1-16ECED231E03}.Debug|Any CPU.ActiveCfg = Debug|Any CPU
		{98D9F2C1-2AB6-47DA-BEE1-16ECED231E03}.Debug|Any CPU.Build.0 = Debug|Any CPU
		{98D9F2C1-2AB6-47DA-BEE1-16ECED231E03}.Release|Any CPU.ActiveCfg = Release|Any CPU
		{98D9F2C1-2AB6-47DA-BEE1-16ECED231E03}.Release|Any CPU.Build.0 = Release|Any CPU
	EndGlobalSection
	GlobalSection(SolutionProperties) = preSolution
		HideSolutionNode = FALSE
	EndGlobalSection
	GlobalSection(ExtensibilityGlobals) = postSolution
		SolutionGuid = {C4CB9CE6-6381-45C9-85EB-5725D8E10AF2}
	EndGlobalSection
EndGlobal
